
Microsoft Visual Studio Solution File, Format Version 12.00
# Visual Studio Version 17
VisualStudioVersion = 17.3.32922.545
MinimumVisualStudioVersion = 10.0.40219.1
Project("{9092AA53-FB77-4645-B42D-1CCCA6BD08BD}") = "LudumDare51", "LudumDare51.njsproj", "{459739CF-2343-42D4-8BE2-D627468D3189}"
EndProject
Global
	GlobalSection(SolutionConfigurationPlatforms) = preSolution
		Debug|Any CPU = Debug|Any CPU
		Release|Any CPU = Release|Any CPU
	EndGlobalSection
	GlobalSection(ProjectConfigurationPlatforms) = postSolution
		{459739CF-2343-42D4-8BE2-D627468D3189}.Debug|Any CPU.ActiveCfg = Debug|Any CPU
		{459739CF-2343-42D4-8BE2-D627468D3189}.Debug|Any CPU.Build.0 = Debug|Any CPU
		{459739CF-2343-42D4-8BE2-D627468D3189}.Release|Any CPU.ActiveCfg = Release|Any CPU
		{459739CF-2343-42D4-8BE2-D627468D3189}.Release|Any CPU.Build.0 = Release|Any CPU
	EndGlobalSection
	GlobalSection(SolutionProperties) = preSolution
		HideSolutionNode = FALSE
	EndGlobalSection
	GlobalSection(ExtensibilityGlobals) = postSolution
		SolutionGuid = {B8BED20B-4BD9-4233-B4DF-B58054510266}
	EndGlobalSection
EndGlobal
